
Microsoft Visual Studio Solution File, Format Version 12.00
# Visual Studio Version 16
VisualStudioVersion = 16.0.32126.315
MinimumVisualStudioVersion = 10.0.40219.1
Project("{535C04D7-A2A5-47C7-83E0-B340A995CD1F}") = "SentinelLinkedLists", "SentinelLinkedLists.cblproj", "{B59E216A-3AC7-4479-9797-D407F30AB176}"
EndProject
Global
	GlobalSection(SolutionConfigurationPlatforms) = preSolution
		Debug|Any CPU = Debug|Any CPU
		Release|Any CPU = Release|Any CPU
	EndGlobalSection
	GlobalSection(ProjectConfigurationPlatforms) = postSolution
		{B59E216A-3AC7-4479-9797-D407F30AB176}.Debug|Any CPU.ActiveCfg = Debug|Any CPU
		{B59E216A-3AC7-4479-9797-D407F30AB176}.Debug|Any CPU.Build.0 = Debug|Any CPU
		{B59E216A-3AC7-4479-9797-D407F30AB176}.Release|Any CPU.ActiveCfg = Release|Any CPU
		{B59E216A-3AC7-4479-9797-D407F30AB176}.Release|Any CPU.Build.0 = Release|Any CPU
	EndGlobalSection
	GlobalSection(SolutionProperties) = preSolution
		HideSolutionNode = FALSE
	EndGlobalSection
	GlobalSection(ExtensibilityGlobals) = postSolution
		SolutionGuid = {D62F959D-4E5B-470E-A10A-BDF054B90DEB}
	EndGlobalSection
EndGlobal
